
Microsoft Visual Studio Solution File, Format Version 12.00
# Visual Studio Version 17
VisualStudioVersion = 17.0.31912.275
MinimumVisualStudioVersion = 10.0.40219.1
Project("{FAE04EC0-301F-11D3-BF4B-00C04F79EFBC}") = "ResolveServices", "ResolveServices\ResolveServices.csproj", "{62E79431-9F1B-45F3-88CD-8344D3DE3ACE}"
EndProject
Global
	GlobalSection(SolutionConfigurationPlatforms) = preSolution
		Debug|Any CPU = Debug|Any CPU
		Release|Any CPU = Release|Any CPU
	EndGlobalSection
	GlobalSection(ProjectConfigurationPlatforms) = postSolution
		{62E79431-9F1B-45F3-88CD-8344D3DE3ACE}.Debug|Any CPU.ActiveCfg = Debug|Any CPU
		{62E79431-9F1B-45F3-88CD-8344D3DE3ACE}.Debug|Any CPU.Build.0 = Debug|Any CPU
		{62E79431-9F1B-45F3-88CD-8344D3DE3ACE}.Release|Any CPU.ActiveCfg = Release|Any CPU
		{62E79431-9F1B-45F3-88CD-8344D3DE3ACE}.Release|Any CPU.Build.0 = Release|Any CPU
	EndGlobalSection
	GlobalSection(SolutionProperties) = preSolution
		HideSolutionNode = FALSE
	EndGlobalSection
	GlobalSection(ExtensibilityGlobals) = postSolution
		SolutionGuid = {E51A3F39-1312-43E2-BB6F-171E3F481897}
	EndGlobalSection
EndGlobal
